
Microsoft Visual Studio Solution File, Format Version 12.00
# Visual Studio Version 16
VisualStudioVersion = 16.0.30907.101
MinimumVisualStudioVersion = 10.0.40219.1
Project("{9A19103F-16F7-4668-BE54-9A1E7A4F7556}") = "SteamApi", "SteamApi\SteamApi.csproj", "{257E6943-5F76-4DB9-994F-69FFABB1F55F}"
EndProject
Project("{9A19103F-16F7-4668-BE54-9A1E7A4F7556}") = "SteamBot", "SteamBot\SteamBot.csproj", "{1212EF46-A17A-4109-B0A2-D74660062E7C}"
EndProject
Project("{9A19103F-16F7-4668-BE54-9A1E7A4F7556}") = "Tests", "Tests\Tests.csproj", "{65F1ECB6-159A-4444-B348-AE5C15BE24FE}"
EndProject
Global
	GlobalSection(SolutionConfigurationPlatforms) = preSolution
		Debug|Any CPU = Debug|Any CPU
		Release|Any CPU = Release|Any CPU
	EndGlobalSection
	GlobalSection(ProjectConfigurationPlatforms) = postSolution
		{257E6943-5F76-4DB9-994F-69FFABB1F55F}.Debug|Any CPU.ActiveCfg = Debug|Any CPU
		{257E6943-5F76-4DB9-994F-69FFABB1F55F}.Debug|Any CPU.Build.0 = Debug|Any CPU
		{257E6943-5F76-4DB9-994F-69FFABB1F55F}.Release|Any CPU.ActiveCfg = Release|Any CPU
		{257E6943-5F76-4DB9-994F-69FFABB1F55F}.Release|Any CPU.Build.0 = Release|Any CPU
		{1212EF46-A17A-4109-B0A2-D74660062E7C}.Debug|Any CPU.ActiveCfg = Debug|Any CPU
		{1212EF46-A17A-4109-B0A2-D74660062E7C}.Debug|Any CPU.Build.0 = Debug|Any CPU
		{1212EF46-A17A-4109-B0A2-D74660062E7C}.Release|Any CPU.ActiveCfg = Release|Any CPU
		{1212EF46-A17A-4109-B0A2-D74660062E7C}.Release|Any CPU.Build.0 = Release|Any CPU
		{65F1ECB6-159A-4444-B348-AE5C15BE24FE}.Debug|Any CPU.ActiveCfg = Debug|Any CPU
		{65F1ECB6-159A-4444-B348-AE5C15BE24FE}.Debug|Any CPU.Build.0 = Debug|Any CPU
		{65F1ECB6-159A-4444-B348-AE5C15BE24FE}.Release|Any CPU.ActiveCfg = Release|Any CPU
		{65F1ECB6-159A-4444-B348-AE5C15BE24FE}.Release|Any CPU.Build.0 = Release|Any CPU
	EndGlobalSection
	GlobalSection(SolutionProperties) = preSolution
		HideSolutionNode = FALSE
	EndGlobalSection
	GlobalSection(ExtensibilityGlobals) = postSolution
		RESX_NeutralResourcesLanguage = ru-RU
		SolutionGuid = {2046DBDA-EB59-4DD1-AF86-16E03F2217B5}
	EndGlobalSection
EndGlobal
